
Microsoft Visual Studio Solution File, Format Version 12.00
# Visual Studio 15
VisualStudioVersion = 15.0.27703.2026
MinimumVisualStudioVersion = 10.0.40219.1
Project("{F14B399A-7131-4C87-9E4B-1186C45EF12D}") = "ReportsPowerBI", "home_development\ReportsPowerBI.rptproj", "{8D080566-3F16-4D79-BD4B-775D3A79D876}"
EndProject
Global
	GlobalSection(SolutionConfigurationPlatforms) = preSolution
		Debug|Default = Debug|Default
		DebugLocal|Default = DebugLocal|Default
		Release|Default = Release|Default
	EndGlobalSection
	GlobalSection(ProjectConfigurationPlatforms) = postSolution
		{8D080566-3F16-4D79-BD4B-775D3A79D876}.Debug|Default.ActiveCfg = Debug
		{8D080566-3F16-4D79-BD4B-775D3A79D876}.Debug|Default.Build.0 = Debug
		{8D080566-3F16-4D79-BD4B-775D3A79D876}.Debug|Default.Deploy.0 = Debug
		{8D080566-3F16-4D79-BD4B-775D3A79D876}.DebugLocal|Default.ActiveCfg = DebugLocal
		{8D080566-3F16-4D79-BD4B-775D3A79D876}.DebugLocal|Default.Build.0 = DebugLocal
		{8D080566-3F16-4D79-BD4B-775D3A79D876}.Release|Default.ActiveCfg = Release
		{8D080566-3F16-4D79-BD4B-775D3A79D876}.Release|Default.Build.0 = Release
		{8D080566-3F16-4D79-BD4B-775D3A79D876}.Release|Default.Deploy.0 = Release
	EndGlobalSection
	GlobalSection(SolutionProperties) = preSolution
		HideSolutionNode = FALSE
	EndGlobalSection
	GlobalSection(ExtensibilityGlobals) = postSolution
		SolutionGuid = {CD97DA0A-381A-4359-9EC5-B5123672B31F}
	EndGlobalSection
EndGlobal
